
Microsoft Visual Studio Solution File, Format Version 12.00
# Visual Studio Version 16
VisualStudioVersion = 16.0.31205.134
MinimumVisualStudioVersion = 10.0.40219.1
Project("{FAE04EC0-301F-11D3-BF4B-00C04F79EFBC}") = "TimeOfCompletion", "TimeOfCompletion\TimeOfCompletion.csproj", "{5D02FD3C-307C-4311-9E92-A65ADF372723}"
EndProject
Global
	GlobalSection(SolutionConfigurationPlatforms) = preSolution
		Debug|Any CPU = Debug|Any CPU
		Release|Any CPU = Release|Any CPU
	EndGlobalSection
	GlobalSection(ProjectConfigurationPlatforms) = postSolution
		{5D02FD3C-307C-4311-9E92-A65ADF372723}.Debug|Any CPU.ActiveCfg = Debug|Any CPU
		{5D02FD3C-307C-4311-9E92-A65ADF372723}.Debug|Any CPU.Build.0 = Debug|Any CPU
		{5D02FD3C-307C-4311-9E92-A65ADF372723}.Release|Any CPU.ActiveCfg = Release|Any CPU
		{5D02FD3C-307C-4311-9E92-A65ADF372723}.Release|Any CPU.Build.0 = Release|Any CPU
	EndGlobalSection
	GlobalSection(SolutionProperties) = preSolution
		HideSolutionNode = FALSE
	EndGlobalSection
	GlobalSection(ExtensibilityGlobals) = postSolution
		SolutionGuid = {E6389C3E-E529-4303-A344-B9DC32069A4F}
	EndGlobalSection
EndGlobal
